
Microsoft Visual Studio Solution File, Format Version 12.00
# Visual Studio Version 17
VisualStudioVersion = 17.5.33414.496
MinimumVisualStudioVersion = 10.0.40219.1
Project("{FAE04EC0-301F-11D3-BF4B-00C04F79EFBC}") = "NexogenConsole", "NexogenConsole\NexogenConsole.csproj", "{987BCEB3-B717-47A4-BBB2-FDB498DF8872}"
EndProject
Project("{FAE04EC0-301F-11D3-BF4B-00C04F79EFBC}") = "NexogenLogger", "NexogenLogger\NexogenLogger.csproj", "{0197690D-72D4-4688-B649-617571514388}"
EndProject
Global
	GlobalSection(SolutionConfigurationPlatforms) = preSolution
		Debug|Any CPU = Debug|Any CPU
		Release|Any CPU = Release|Any CPU
	EndGlobalSection
	GlobalSection(ProjectConfigurationPlatforms) = postSolution
		{987BCEB3-B717-47A4-BBB2-FDB498DF8872}.Debug|Any CPU.ActiveCfg = Debug|Any CPU
		{987BCEB3-B717-47A4-BBB2-FDB498DF8872}.Debug|Any CPU.Build.0 = Debug|Any CPU
		{987BCEB3-B717-47A4-BBB2-FDB498DF8872}.Release|Any CPU.ActiveCfg = Release|Any CPU
		{987BCEB3-B717-47A4-BBB2-FDB498DF8872}.Release|Any CPU.Build.0 = Release|Any CPU
		{0197690D-72D4-4688-B649-617571514388}.Debug|Any CPU.ActiveCfg = Debug|Any CPU
		{0197690D-72D4-4688-B649-617571514388}.Debug|Any CPU.Build.0 = Debug|Any CPU
		{0197690D-72D4-4688-B649-617571514388}.Release|Any CPU.ActiveCfg = Release|Any CPU
		{0197690D-72D4-4688-B649-617571514388}.Release|Any CPU.Build.0 = Release|Any CPU
	EndGlobalSection
	GlobalSection(SolutionProperties) = preSolution
		HideSolutionNode = FALSE
	EndGlobalSection
	GlobalSection(ExtensibilityGlobals) = postSolution
		SolutionGuid = {A1A09430-FD08-47BB-AA58-B89856A62F77}
	EndGlobalSection
EndGlobal
